// !$*UTF8*$!
{
	archiveVersion = 1;
	classes = {
	};
	objectVersion = 56;
	objects = {

/* Begin PBXBuildFile section */
		3F38F4C42C499C6B00045C03 /* DeveloperExtraToolApp.swift in Sources */ = {isa = PBXBuildFile; fileRef = 3F38F4C32C499C6B00045C03 /* DeveloperExtraToolApp.swift */; };
		3F38F4C62C499C6B00045C03 /* ContentView.swift in Sources */ = {isa = PBXBuildFile; fileRef = 3F38F4C52C499C6B00045C03 /* ContentView.swift */; };
		3F38F4C82C499C6C00045C03 /* Assets.xcassets in Resources */ = {isa = PBXBuildFile; fileRef = 3F38F4C72C499C6C00045C03 /* Assets.xcassets */; };
		3F38F4CB2C499C6C00045C03 /* Preview Assets.xcassets in Resources */ = {isa = PBXBuildFile; fileRef = 3F38F4CA2C499C6C00045C03 /* Preview Assets.xcassets */; };
		3F38F4D62C499C6C00045C03 /* DeveloperExtraToolTests.swift in Sources */ = {isa = PBXBuildFile; fileRef = 3F38F4D52C499C6C00045C03 /* DeveloperExtraToolTests.swift */; };
		3F38F4E02C499C6C00045C03 /* DeveloperExtraToolUITests.swift in Sources */ = {isa = PBXBuildFile; fileRef = 3F38F4DF2C499C6C00045C03 /* DeveloperExtraToolUITests.swift */; };
		3F38F4E22C499C6C00045C03 /* DeveloperExtraToolUITestsLaunchTests.swift in Sources */ = {isa = PBXBuildFile; fileRef = 3F38F4E12C499C6C00045C03 /* DeveloperExtraToolUITestsLaunchTests.swift */; };
/* End PBXBuildFile section */

/* Begin PBXContainerItemProxy section */
		3F38F4D22C499C6C00045C03 /* PBXContainerItemProxy */ = {
			isa = PBXContainerItemProxy;
			containerPortal = 3F38F4B82C499C6B00045C03 /* Project object */;
			proxyType = 1;
			remoteGlobalIDString = 3F38F4BF2C499C6B00045C03;
			remoteInfo = DeveloperExtraTool;
		};
		3F38F4DC2C499C6C00045C03 /* PBXContainerItemProxy */ = {
			isa = PBXContainerItemProxy;
			containerPortal = 3F38F4B82C499C6B00045C03 /* Project object */;
			proxyType = 1;
			remoteGlobalIDString = 3F38F4BF2C499C6B00045C03;
			remoteInfo = DeveloperExtraTool;
		};
/* End PBXContainerItemProxy section */

/* Begin PBXFileReference section */
		3F38F4C02C499C6B00045C03 /* DeveloperExtraTool.app */ = {isa = PBXFileReference; explicitFileType = wrapper.application; includeInIndex = 0; path = DeveloperExtraTool.app; sourceTree = BUILT_PRODUCTS_DIR; };
		3F38F4C32C499C6B00045C03 /* DeveloperExtraToolApp.swift */ = {isa = PBXFileReference; lastKnownFileType = sourcecode.swift; path = DeveloperExtraToolApp.swift; sourceTree = "<group>"; };
		3F38F4C52C499C6B00045C03 /* ContentView.swift */ = {isa = PBXFileReference; lastKnownFileType = sourcecode.swift; path = ContentView.swift; sourceTree = "<group>"; };
		3F38F4C72C499C6C00045C03 /* Assets.xcassets */ = {isa = PBXFileReference; lastKnownFileType = folder.assetcatalog; path = Assets.xcassets; sourceTree = "<group>"; };
		3F38F4CA2C499C6C00045C03 /* Preview Assets.xcassets */ = {isa = PBXFileReference; lastKnownFileType = folder.assetcatalog; path = "Preview Assets.xcassets"; sourceTree = "<group>"; };
		3F38F4CC2C499C6C00045C03 /* DeveloperExtraTool.entitlements */ = {isa = PBXFileReference; lastKnownFileType = text.plist.entitlements; path = DeveloperExtraTool.entitlements; sourceTree = "<group>"; };
		3F38F4D12C499C6C00045C03 /* DeveloperExtraToolTests.xctest */ = {isa = PBXFileReference; explicitFileType = wrapper.cfbundle; includeInIndex = 0; path = DeveloperExtraToolTests.xctest; sourceTree = BUILT_PRODUCTS_DIR; };
		3F38F4D52C499C6C00045C03 /* DeveloperExtraToolTests.swift */ = {isa = PBXFileReference; lastKnownFileType = sourcecode.swift; path = DeveloperExtraToolTests.swift; sourceTree = "<group>"; };
		3F38F4DB2C499C6C00045C03 /* DeveloperExtraToolUITests.xctest */ = {isa = PBXFileReference; explicitFileType = wrapper.cfbundle; includeInIndex = 0; path = DeveloperExtraToolUITests.xctest; sourceTree = BUILT_PRODUCTS_DIR; };
		3F38F4DF2C499C6C00045C03 /* DeveloperExtraToolUITests.swift */ = {isa = PBXFileReference; lastKnownFileType = sourcecode.swift; path = DeveloperExtraToolUITests.swift; sourceTree = "<group>"; };
		3F38F4E12C499C6C00045C03 /* DeveloperExtraToolUITestsLaunchTests.swift */ = {isa = PBXFileReference; lastKnownFileType = sourcecode.swift; path = DeveloperExtraToolUITestsLaunchTests.swift; sourceTree = "<group>"; };
/* End PBXFileReference section */

/* Begin PBXFrameworksBuildPhase section */
		3F38F4BD2C499C6B00045C03 /* Frameworks */ = {
			isa = PBXFrameworksBuildPhase;
			buildActionMask = 2147483647;
			files = (
			);
			runOnlyForDeploymentPostprocessing = 0;
		};
		3F38F4CE2C499C6C00045C03 /* Frameworks */ = {
			isa = PBXFrameworksBuildPhase;
			buildActionMask = 2147483647;
			files = (
			);
			runOnlyForDeploymentPostprocessing = 0;
		};
		3F38F4D82C499C6C00045C03 /* Frameworks */ = {
			isa = PBXFrameworksBuildPhase;
			buildActionMask = 2147483647;
			files = (
			);
			runOnlyForDeploymentPostprocessing = 0;
		};
/* End PBXFrameworksBuildPhase section */

/* Begin PBXGroup section */
		3F38F4B72C499C6B00045C03 = {
			isa = PBXGroup;
			children = (
				3F38F4C22C499C6B00045C03 /* DeveloperExtraTool */,
				3F38F4D42C499C6C00045C03 /* DeveloperExtraToolTests */,
				3F38F4DE2C499C6C00045C03 /* DeveloperExtraToolUITests */,
				3F38F4C12C499C6B00045C03 /* Products */,
			);
			sourceTree = "<group>";
		};
		3F38F4C12C499C6B00045C03 /* Products */ = {
			isa = PBXGroup;
			children = (
				3F38F4C02C499C6B00045C03 /* DeveloperExtraTool.app */,
				3F38F4D12C499C6C00045C03 /* DeveloperExtraToolTests.xctest */,
				3F38F4DB2C499C6C00045C03 /* DeveloperExtraToolUITests.xctest */,
			);
			name = Products;
			sourceTree = "<group>";
		};
		3F38F4C22C499C6B00045C03 /* DeveloperExtraTool */ = {
			isa = PBXGroup;
			children = (
				3F38F4C32C499C6B00045C03 /* DeveloperExtraToolApp.swift */,
				3F38F4C52C499C6B00045C03 /* ContentView.swift */,
				3F38F4C72C499C6C00045C03 /* Assets.xcassets */,
				3F38F4CC2C499C6C00045C03 /* DeveloperExtraTool.entitlements */,
				3F38F4C92C499C6C00045C03 /* Preview Content */,
			);
			path = DeveloperExtraTool;
			sourceTree = "<group>";
		};
		3F38F4C92C499C6C00045C03 /* Preview Content */ = {
			isa = PBXGroup;
			children = (
				3F38F4CA2C499C6C00045C03 /* Preview Assets.xcassets */,
			);
			path = "Preview Content";
			sourceTree = "<group>";
		};
		3F38F4D42C499C6C00045C03 /* DeveloperExtraToolTests */ = {
			isa = PBXGroup;
			children = (
				3F38F4D52C499C6C00045C03 /* DeveloperExtraToolTests.swift */,
			);
			path = DeveloperExtraToolTests;
			sourceTree = "<group>";
		};
		3F38F4DE2C499C6C00045C03 /* DeveloperExtraToolUITests */ = {
			isa = PBXGroup;
			children = (
				3F38F4DF2C499C6C00045C03 /* DeveloperExtraToolUITests.swift */,
				3F38F4E12C499C6C00045C03 /* DeveloperExtraToolUITestsLaunchTests.swift */,
			);
			path = DeveloperExtraToolUITests;
			sourceTree = "<group>";
		};
/* End PBXGroup section */

/* Begin PBXNativeTarget section */
		3F38F4BF2C499C6B00045C03 /* DeveloperExtraTool */ = {
			isa = PBXNativeTarget;
			buildConfigurationList = 3F38F4E52C499C6C00045C03 /* Build configuration list for PBXNativeTarget "DeveloperExtraTool" */;
			buildPhases = (
				3F38F4BC2C499C6B00045C03 /* Sources */,
				3F38F4BD2C499C6B00045C03 /* Frameworks */,
				3F38F4BE2C499C6B00045C03 /* Resources */,
			);
			buildRules = (
			);
			dependencies = (
			);
			name = DeveloperExtraTool;
			productName = DeveloperExtraTool;
			productReference = 3F38F4C02C499C6B00045C03 /* DeveloperExtraTool.app */;
			productType = "com.apple.product-type.application";
		};
		3F38F4D02C499C6C00045C03 /* DeveloperExtraToolTests */ = {
			isa = PBXNativeTarget;
			buildConfigurationList = 3F38F4E82C499C6C00045C03 /* Build configuration list for PBXNativeTarget "DeveloperExtraToolTests" */;
			buildPhases = (
				3F38F4CD2C499C6C00045C03 /* Sources */,
				3F38F4CE2C499C6C00045C03 /* Frameworks */,
				3F38F4CF2C499C6C00045C03 /* Resources */,
			);
			buildRules = (
			);
			dependencies = (
				3F38F4D32C499C6C00045C03 /* PBXTargetDependency */,
			);
			name = DeveloperExtraToolTests;
			productName = DeveloperExtraToolTests;
			productReference = 3F38F4D12C499C6C00045C03 /* DeveloperExtraToolTests.xctest */;
			productType = "com.apple.product-type.bundle.unit-test";
		};
		3F38F4DA2C499C6C00045C03 /* DeveloperExtraToolUITests */ = {
			isa = PBXNativeTarget;
			buildConfigurationList = 3F38F4EB2C499C6C00045C03 /* Build configuration list for PBXNativeTarget "DeveloperExtraToolUITests" */;
			buildPhases = (
				3F38F4D72C499C6C00045C03 /* Sources */,
				3F38F4D82C499C6C00045C03 /* Frameworks */,
				3F38F4D92C499C6C00045C03 /* Resources */,
			);
			buildRules = (
			);
			dependencies = (
				3F38F4DD2C499C6C00045C03 /* PBXTargetDependency */,
			);
			name = DeveloperExtraToolUITests;
			productName = DeveloperExtraToolUITests;
			productReference = 3F38F4DB2C499C6C00045C03 /* DeveloperExtraToolUITests.xctest */;
			productType = "com.apple.product-type.bundle.ui-testing";
		};
/* End PBXNativeTarget section */

/* Begin PBXProject section */
		3F38F4B82C499C6B00045C03 /* Project object */ = {
			isa = PBXProject;
			attributes = {
				BuildIndependentTargetsInParallel = 1;
				LastSwiftUpdateCheck = 1540;
				LastUpgradeCheck = 1540;
				TargetAttributes = {
					3F38F4BF2C499C6B00045C03 = {
						CreatedOnToolsVersion = 15.4;
					};
					3F38F4D02C499C6C00045C03 = {
						CreatedOnToolsVersion = 15.4;
						TestTargetID = 3F38F4BF2C499C6B00045C03;
					};
					3F38F4DA2C499C6C00045C03 = {
						CreatedOnToolsVersion = 15.4;
						TestTargetID = 3F38F4BF2C499C6B00045C03;
					};
				};
			};
			buildConfigurationList = 3F38F4BB2C499C6B00045C03 /* Build configuration list for PBXProject "DeveloperExtraTool" */;
			compatibilityVersion = "Xcode 14.0";
			developmentRegion = en;
			hasScannedForEncodings = 0;
			knownRegions = (
				en,
				Base,
			);
			mainGroup = 3F38F4B72C499C6B00045C03;
			productRefGroup = 3F38F4C12C499C6B00045C03 /* Products */;
			projectDirPath = "";
			projectRoot = "";
			targets = (
				3F38F4BF2C499C6B00045C03 /* DeveloperExtraTool */,
				3F38F4D02C499C6C00045C03 /* DeveloperExtraToolTests */,
				3F38F4DA2C499C6C00045C03 /* DeveloperExtraToolUITests */,
			);
		};
/* End PBXProject section */

/* Begin PBXResourcesBuildPhase section */
		3F38F4BE2C499C6B00045C03 /* Resources */ = {
			isa = PBXResourcesBuildPhase;
			buildActionMask = 2147483647;
			files = (
				3F38F4CB2C499C6C00045C03 /* Preview Assets.xcassets in Resources */,
				3F38F4C82C499C6C00045C03 /* Assets.xcassets in Resources */,
			);
			runOnlyForDeploymentPostprocessing = 0;
		};
		3F38F4CF2C499C6C00045C03 /* Resources */ = {
			isa = PBXResourcesBuildPhase;
			buildActionMask = 2147483647;
			files = (
			);
			runOnlyForDeploymentPostprocessing = 0;
		};
		3F38F4D92C499C6C00045C03 /* Resources */ = {
			isa = PBXResourcesBuildPhase;
			buildActionMask = 2147483647;
			files = (
			);
			runOnlyForDeploymentPostprocessing = 0;
		};
/* End PBXResourcesBuildPhase section */

/* Begin PBXSourcesBuildPhase section */
		3F38F4BC2C499C6B00045C03 /* Sources */ = {
			isa = PBXSourcesBuildPhase;
			buildActionMask = 2147483647;
			files = (
				3F38F4C62C499C6B00045C03 /* ContentView.swift in Sources */,
				3F38F4C42C499C6B00045C03 /* DeveloperExtraToolApp.swift in Sources */,
			);
			runOnlyForDeploymentPostprocessing = 0;
		};
		3F38F4CD2C499C6C00045C03 /* Sources */ = {
			isa = PBXSourcesBuildPhase;
			buildActionMask = 2147483647;
			files = (
				3F38F4D62C499C6C00045C03 /* DeveloperExtraToolTests.swift in Sources */,
			);
			runOnlyForDeploymentPostprocessing = 0;
		};
		3F38F4D72C499C6C00045C03 /* Sources */ = {
			isa = PBXSourcesBuildPhase;
			buildActionMask = 2147483647;
			files = (
				3F38F4E22C499C6C00045C03 /* DeveloperExtraToolUITestsLaunchTests.swift in Sources */,
				3F38F4E02C499C6C00045C03 /* DeveloperExtraToolUITests.swift in Sources */,
			);
			runOnlyForDeploymentPostprocessing = 0;
		};
/* End PBXSourcesBuildPhase section */

/* Begin PBXTargetDependency section */
		3F38F4D32C499C6C00045C03 /* PBXTargetDependency */ = {
			isa = PBXTargetDependency;
			target = 3F38F4BF2C499C6B00045C03 /* DeveloperExtraTool */;
			targetProxy = 3F38F4D22C499C6C00045C03 /* PBXContainerItemProxy */;
		};
		3F38F4DD2C499C6C00045C03 /* PBXTargetDependency */ = {
			isa = PBXTargetDependency;
			target = 3F38F4BF2C499C6B00045C03 /* DeveloperExtraTool */;
			targetProxy = 3F38F4DC2C499C6C00045C03 /* PBXContainerItemProxy */;
		};
/* End PBXTargetDependency section */

/* Begin XCBuildConfiguration section */
		3F38F4E32C499C6C00045C03 /* Debug */ = {
			isa = XCBuildConfiguration;
			buildSettings = {
				ALWAYS_SEARCH_USER_PATHS = NO;
				ASSETCATALOG_COMPILER_GENERATE_SWIFT_ASSET_SYMBOL_EXTENSIONS = YES;
				CLANG_ANALYZER_NONNULL = YES;
				CLANG_ANALYZER_NUMBER_OBJECT_CONVERSION = YES_AGGRESSIVE;
				CLANG_CXX_LANGUAGE_STANDARD = "gnu++20";
				CLANG_ENABLE_MODULES = YES;
				CLANG_ENABLE_OBJC_ARC = YES;
				CLANG_ENABLE_OBJC_WEAK = YES;
				CLANG_WARN_BLOCK_CAPTURE_AUTORELEASING = YES;
				CLANG_WARN_BOOL_CONVERSION = YES;
				CLANG_WARN_COMMA = YES;
				CLANG_WARN_CONSTANT_CONVERSION = YES;
				CLANG_WARN_DEPRECATED_OBJC_IMPLEMENTATIONS = YES;
				CLANG_WARN_DIRECT_OBJC_ISA_USAGE = YES_ERROR;
				CLANG_WARN_DOCUMENTATION_COMMENTS = YES;
				CLANG_WARN_EMPTY_BODY = YES;
				CLANG_WARN_ENUM_CONVERSION = YES;
				CLANG_WARN_INFINITE_RECURSION = YES;
				CLANG_WARN_INT_CONVERSION = YES;
				CLANG_WARN_NON_LITERAL_NULL_CONVERSION = YES;
				CLANG_WARN_OBJC_IMPLICIT_RETAIN_SELF = YES;
				CLANG_WARN_OBJC_LITERAL_CONVERSION = YES;
				CLANG_WARN_OBJC_ROOT_CLASS = YES_ERROR;
				CLANG_WARN_QUOTED_INCLUDE_IN_FRAMEWORK_HEADER = YES;
				CLANG_WARN_RANGE_LOOP_ANALYSIS = YES;
				CLANG_WARN_STRICT_PROTOTYPES = YES;
				CLANG_WARN_SUSPICIOUS_MOVE = YES;
				CLANG_WARN_UNGUARDED_AVAILABILITY = YES_AGGRESSIVE;
				CLANG_WARN_UNREACHABLE_CODE = YES;
				CLANG_WARN__DUPLICATE_METHOD_MATCH = YES;
				COPY_PHASE_STRIP = NO;
				DEBUG_INFORMATION_FORMAT = dwarf;
				ENABLE_STRICT_OBJC_MSGSEND = YES;
				ENABLE_TESTABILITY = YES;
				ENABLE_USER_SCRIPT_SANDBOXING = YES;
				GCC_C_LANGUAGE_STANDARD = gnu17;
				GCC_DYNAMIC_NO_PIC = NO;
				GCC_NO_COMMON_BLOCKS = YES;
				GCC_OPTIMIZATION_LEVEL = 0;
				GCC_PREPROCESSOR_DEFINITIONS = (
					"DEBUG=1",
					"$(inherited)",
				);
				GCC_WARN_64_TO_32_BIT_CONVERSION = YES;
				GCC_WARN_ABOUT_RETURN_TYPE = YES_ERROR;
				GCC_WARN_UNDECLARED_SELECTOR = YES;
				GCC_WARN_UNINITIALIZED_AUTOS = YES_AGGRESSIVE;
				GCC_WARN_UNUSED_FUNCTION = YES;
				GCC_WARN_UNUSED_VARIABLE = YES;
				LOCALIZATION_PREFERS_STRING_CATALOGS = YES;
				MACOSX_DEPLOYMENT_TARGET = 14.4;
				MTL_ENABLE_DEBUG_INFO = INCLUDE_SOURCE;
				MTL_FAST_MATH = YES;
				ONLY_ACTIVE_ARCH = YES;
				SDKROOT = macosx;
				SWIFT_ACTIVE_COMPILATION_CONDITIONS = "DEBUG $(inherited)";
				SWIFT_OPTIMIZATION_LEVEL = "-Onone";
			};
			name = Debug;
		};
		3F38F4E42C499C6C00045C03 /* Release */ = {
			isa = XCBuildConfiguration;
			buildSettings = {
				ALWAYS_SEARCH_USER_PATHS = NO;
				ASSETCATALOG_COMPILER_GENERATE_SWIFT_ASSET_SYMBOL_EXTENSIONS = YES;
				CLANG_ANALYZER_NONNULL = YES;
				CLANG_ANALYZER_NUMBER_OBJECT_CONVERSION = YES_AGGRESSIVE;
				CLANG_CXX_LANGUAGE_STANDARD = "gnu++20";
				CLANG_ENABLE_MODULES = YES;
				CLANG_ENABLE_OBJC_ARC = YES;
				CLANG_ENABLE_OBJC_WEAK = YES;
				CLANG_WARN_BLOCK_CAPTURE_AUTORELEASING = YES;
				CLANG_WARN_BOOL_CONVERSION = YES;
				CLANG_WARN_COMMA = YES;
				CLANG_WARN_CONSTANT_CONVERSION = YES;
				CLANG_WARN_DEPRECATED_OBJC_IMPLEMENTATIONS = YES;
				CLANG_WARN_DIRECT_OBJC_ISA_USAGE = YES_ERROR;
				CLANG_WARN_DOCUMENTATION_COMMENTS = YES;
				CLANG_WARN_EMPTY_BODY = YES;
				CLANG_WARN_ENUM_CONVERSION = YES;
				CLANG_WARN_INFINITE_RECURSION = YES;
				CLANG_WARN_INT_CONVERSION = YES;
				CLANG_WARN_NON_LITERAL_NULL_CONVERSION = YES;
				CLANG_WARN_OBJC_IMPLICIT_RETAIN_SELF = YES;
				CLANG_WARN_OBJC_LITERAL_CONVERSION = YES;
				CLANG_WARN_OBJC_ROOT_CLASS = YES_ERROR;
				CLANG_WARN_QUOTED_INCLUDE_IN_FRAMEWORK_HEADER = YES;
				CLANG_WARN_RANGE_LOOP_ANALYSIS = YES;
				CLANG_WARN_STRICT_PROTOTYPES = YES;
				CLANG_WARN_SUSPICIOUS_MOVE = YES;
				CLANG_WARN_UNGUARDED_AVAILABILITY = YES_AGGRESSIVE;
				CLANG_WARN_UNREACHABLE_CODE = YES;
				CLANG_WARN__DUPLICATE_METHOD_MATCH = YES;
				COPY_PHASE_STRIP = NO;
				DEBUG_INFORMATION_FORMAT = "dwarf-with-dsym";
				ENABLE_NS_ASSERTIONS = NO;
				ENABLE_STRICT_OBJC_MSGSEND = YES;
				ENABLE_USER_SCRIPT_SANDBOXING = YES;
				GCC_C_LANGUAGE_STANDARD = gnu17;
				GCC_NO_COMMON_BLOCKS = YES;
				GCC_WARN_64_TO_32_BIT_CONVERSION = YES;
				GCC_WARN_ABOUT_RETURN_TYPE = YES_ERROR;
				GCC_WARN_UNDECLARED_SELECTOR = YES;
				GCC_WARN_UNINITIALIZED_AUTOS = YES_AGGRESSIVE;
				GCC_WARN_UNUSED_FUNCTION = YES;
				GCC_WARN_UNUSED_VARIABLE = YES;
				LOCALIZATION_PREFERS_STRING_CATALOGS = YES;
				MACOSX_DEPLOYMENT_TARGET = 14.4;
				MTL_ENABLE_DEBUG_INFO = NO;
				MTL_FAST_MATH = YES;
				SDKROOT = macosx;
				SWIFT_COMPILATION_MODE = wholemodule;
			};
			name = Release;
		};
		3F38F4E62C499C6C00045C03 /* Debug */ = {
			isa = XCBuildConfiguration;
			buildSettings = {
				ASSETCATALOG_COMPILER_APPICON_NAME = AppIcon;
				ASSETCATALOG_COMPILER_GLOBAL_ACCENT_COLOR_NAME = AccentColor;
				CODE_SIGN_ENTITLEMENTS = DeveloperExtraTool/DeveloperExtraTool.entitlements;
				CODE_SIGN_STYLE = Automatic;
				COMBINE_HIDPI_IMAGES = YES;
				CURRENT_PROJECT_VERSION = 1;
				DEVELOPMENT_ASSET_PATHS = "\"DeveloperExtraTool/Preview Content\"";
				DEVELOPMENT_TEAM = NU3367P337;
				ENABLE_HARDENED_RUNTIME = YES;
				ENABLE_PREVIEWS = YES;
				GENERATE_INFOPLIST_FILE = YES;
				INFOPLIST_KEY_NSHumanReadableCopyright = "";
				LD_RUNPATH_SEARCH_PATHS = (
					"$(inherited)",
					"@executable_path/../Frameworks",
				);
				MARKETING_VERSION = 1.0;
				PRODUCT_BUNDLE_IDENTIFIER = com.audiomanger.DeveloperExtraTool;
				PRODUCT_NAME = "$(TARGET_NAME)";
				SWIFT_EMIT_LOC_STRINGS = YES;
				SWIFT_VERSION = 5.0;
			};
			name = Debug;
		};
		3F38F4E72C499C6C00045C03 /* Release */ = {
			isa = XCBuildConfiguration;
			buildSettings = {
				ASSETCATALOG_COMPILER_APPICON_NAME = AppIcon;
				ASSETCATALOG_COMPILER_GLOBAL_ACCENT_COLOR_NAME = AccentColor;
				CODE_SIGN_ENTITLEMENTS = DeveloperExtraTool/DeveloperExtraTool.entitlements;
				CODE_SIGN_STYLE = Automatic;
				COMBINE_HIDPI_IMAGES = YES;
				CURRENT_PROJECT_VERSION = 1;
				DEVELOPMENT_ASSET_PATHS = "\"DeveloperExtraTool/Preview Content\"";
				DEVELOPMENT_TEAM = NU3367P337;
				ENABLE_HARDENED_RUNTIME = YES;
				ENABLE_PREVIEWS = YES;
				GENERATE_INFOPLIST_FILE = YES;
				INFOPLIST_KEY_NSHumanReadableCopyright = "";
				LD_RUNPATH_SEARCH_PATHS = (
					"$(inherited)",
					"@executable_path/../Frameworks",
				);
				MARKETING_VERSION = 1.0;
				PRODUCT_BUNDLE_IDENTIFIER = com.audiomanger.DeveloperExtraTool;
				PRODUCT_NAME = "$(TARGET_NAME)";
				SWIFT_EMIT_LOC_STRINGS = YES;
				SWIFT_VERSION = 5.0;
			};
			name = Release;
		};
		3F38F4E92C499C6C00045C03 /* Debug */ = {
			isa = XCBuildConfiguration;
			buildSettings = {
				ALWAYS_EMBED_SWIFT_STANDARD_LIBRARIES = YES;
				BUNDLE_LOADER = "$(TEST_HOST)";
				CODE_SIGN_STYLE = Automatic;
				CURRENT_PROJECT_VERSION = 1;
				DEVELOPMENT_TEAM = NU3367P337;
				GENERATE_INFOPLIST_FILE = YES;
				MACOSX_DEPLOYMENT_TARGET = 14.4;
				MARKETING_VERSION = 1.0;
				PRODUCT_BUNDLE_IDENTIFIER = com.audiomanger.DeveloperExtraToolTests;
				PRODUCT_NAME = "$(TARGET_NAME)";
				SWIFT_EMIT_LOC_STRINGS = NO;
				SWIFT_VERSION = 5.0;
				TEST_HOST = "$(BUILT_PRODUCTS_DIR)/DeveloperExtraTool.app/$(BUNDLE_EXECUTABLE_FOLDER_PATH)/DeveloperExtraTool";
			};
			name = Debug;
		};
		3F38F4EA2C499C6C00045C03 /* Release */ = {
			isa = XCBuildConfiguration;
			buildSettings = {
				ALWAYS_EMBED_SWIFT_STANDARD_LIBRARIES = YES;
				BUNDLE_LOADER = "$(TEST_HOST)";
				CODE_SIGN_STYLE = Automatic;
				CURRENT_PROJECT_VERSION = 1;
				DEVELOPMENT_TEAM = NU3367P337;
				GENERATE_INFOPLIST_FILE = YES;
				MACOSX_DEPLOYMENT_TARGET = 14.4;
				MARKETING_VERSION = 1.0;
				PRODUCT_BUNDLE_IDENTIFIER = com.audiomanger.DeveloperExtraToolTests;
				PRODUCT_NAME = "$(TARGET_NAME)";
				SWIFT_EMIT_LOC_STRINGS = NO;
				SWIFT_VERSION = 5.0;
				TEST_HOST = "$(BUILT_PRODUCTS_DIR)/DeveloperExtraTool.app/$(BUNDLE_EXECUTABLE_FOLDER_PATH)/DeveloperExtraTool";
			};
			name = Release;
		};
		3F38F4EC2C499C6C00045C03 /* Debug */ = {
			isa = XCBuildConfiguration;
			buildSettings = {
				ALWAYS_EMBED_SWIFT_STANDARD_LIBRARIES = YES;
				CODE_SIGN_STYLE = Automatic;
				CURRENT_PROJECT_VERSION = 1;
				DEVELOPMENT_TEAM = NU3367P337;
				GENERATE_INFOPLIST_FILE = YES;
				MARKETING_VERSION = 1.0;
				PRODUCT_BUNDLE_IDENTIFIER = com.audiomanger.DeveloperExtraToolUITests;
				PRODUCT_NAME = "$(TARGET_NAME)";
				SWIFT_EMIT_LOC_STRINGS = NO;
				SWIFT_VERSION = 5.0;
				TEST_TARGET_NAME = DeveloperExtraTool;
			};
			name = Debug;
		};
		3F38F4ED2C499C6C00045C03 /* Release */ = {
			isa = XCBuildConfiguration;
			buildSettings = {
				ALWAYS_EMBED_SWIFT_STANDARD_LIBRARIES = YES;
				CODE_SIGN_STYLE = Automatic;
				CURRENT_PROJECT_VERSION = 1;
				DEVELOPMENT_TEAM = NU3367P337;
				GENERATE_INFOPLIST_FILE = YES;
				MARKETING_VERSION = 1.0;
				PRODUCT_BUNDLE_IDENTIFIER = com.audiomanger.DeveloperExtraToolUITests;
				PRODUCT_NAME = "$(TARGET_NAME)";
				SWIFT_EMIT_LOC_STRINGS = NO;
				SWIFT_VERSION = 5.0;
				TEST_TARGET_NAME = DeveloperExtraTool;
			};
			name = Release;
		};
/* End XCBuildConfiguration section */

/* Begin XCConfigurationList section */
		3F38F4BB2C499C6B00045C03 /* Build configuration list for PBXProject "DeveloperExtraTool" */ = {
			isa = XCConfigurationList;
			buildConfigurations = (
				3F38F4E32C499C6C00045C03 /* Debug */,
				3F38F4E42C499C6C00045C03 /* Release */,
			);
			defaultConfigurationIsVisible = 0;
			defaultConfigurationName = Release;
		};
		3F38F4E52C499C6C00045C03 /* Build configuration list for PBXNativeTarget "DeveloperExtraTool" */ = {
			isa = XCConfigurationList;
			buildConfigurations = (
				3F38F4E62C499C6C00045C03 /* Debug */,
				3F38F4E72C499C6C00045C03 /* Release */,
			);
			defaultConfigurationIsVisible = 0;
			defaultConfigurationName = Release;
		};
		3F38F4E82C499C6C00045C03 /* Build configuration list for PBXNativeTarget "DeveloperExtraToolTests" */ = {
			isa = XCConfigurationList;
			buildConfigurations = (
				3F38F4E92C499C6C00045C03 /* Debug */,
				3F38F4EA2C499C6C00045C03 /* Release */,
			);
			defaultConfigurationIsVisible = 0;
			defaultConfigurationName = Release;
		};
		3F38F4EB2C499C6C00045C03 /* Build configuration list for PBXNativeTarget "DeveloperExtraToolUITests" */ = {
			isa = XCConfigurationList;
			buildConfigurations = (
				3F38F4EC2C499C6C00045C03 /* Debug */,
				3F38F4ED2C499C6C00045C03 /* Release */,
			);
			defaultConfigurationIsVisible = 0;
			defaultConfigurationName = Release;
		};
/* End XCConfigurationList section */
	};
	rootObject = 3F38F4B82C499C6B00045C03 /* Project object */;
}
